{
  "nodes": {
    "catppuccin": {
      "inputs": {
        "nixpkgs": "nixpkgs"
      },
      "locked": {
        "lastModified": 1777734189,
        "narHash": "sha256-kbIhdhDPaTP6gxAPkcRYeB+cqPFDpTM/bnw+m+26vkI=",
        "owner": "catppuccin",
        "repo": "nix",
        "rev": "e68cf5deaf1a7afed2e548835dba2ae99f5a3ccb",
        "type": "github"
      },
      "original": {
        "owner": "catppuccin",
        "repo": "nix",
        "type": "github"
      }
    },
    "catppuccin-vsc": {
      "inputs": {
        "nixpkgs": [
          "nixpkgs"
        ]
      },
      "locked": {
        "lastModified": 1777714413,
        "narHash": "sha256-HUXRGK10A3YIU6ksTfzOzQvM5J699lJikndlYUgrkRA=",
        "owner": "catppuccin",
        "repo": "vscode",
        "rev": "befc9e6fc41980f4241408f7049755d47c06ff45",
        "type": "github"
      },
      "original": {
        "owner": "catppuccin",
        "repo": "vscode",
        "type": "github"
      }
    },
    "flake-parts": {
      "inputs": {
        "nixpkgs-lib": "nixpkgs-lib"
      },
      "locked": {
        "lastModified": 1777988971,
        "narHash": "sha256-qIoWPDs+0/8JecyYgE3gpKQxW/4bLW/gp45vow9ioCQ=",
        "owner": "hercules-ci",
        "repo": "flake-parts",
        "rev": "0678d8986be1661af6bb555f3489f2fdfc31f6ff",
        "type": "github"
      },
      "original": {
        "owner": "hercules-ci",
        "repo": "flake-parts",
        "type": "github"
      }
    },
    "flake-parts_2": {
      "inputs": {
        "nixpkgs-lib": [
          "nixvim",
          "nixpkgs"
        ]
      },
      "locked": {
        "lastModified": 1777932387,
        "narHash": "sha256-nUYVPiqrzr36ThiQOAr5MKeGHDBSDM3OFWkz0uDjOvc=",
        "owner": "hercules-ci",
        "repo": "flake-parts",
        "rev": "71a3a77326609675e9f8b51084cf23d5d1945899",
        "type": "github"
      },
      "original": {
        "owner": "hercules-ci",
        "repo": "flake-parts",
        "type": "github"
      }
    },
    "home-manager": {
      "inputs": {
        "nixpkgs": [
          "nixpkgs"
        ]
      },
      "locked": {
        "lastModified": 1778009629,
        "narHash": "sha256-nUoQtf4Zq7DRYJrfv904hjrxjAlWVP6a1pNNFKx3FCg=",
        "owner": "nix-community",
        "repo": "home-manager",
        "rev": "00ed86e58bb6979a7921859fd1615d19382eac5c",
        "type": "github"
      },
      "original": {
        "owner": "nix-community",
        "repo": "home-manager",
        "type": "github"
      }
    },
    "hyprcursor": {
      "inputs": {
        "hyprlang": "hyprlang",
        "nixpkgs": [
          "mcmojave-hyprcursor",
          "nixpkgs"
        ],
        "systems": "systems"
      },
      "locked": {
        "lastModified": 1721330371,
        "narHash": "sha256-aYlHTWylczLt6ERJyg6E66Y/XSCbVL7leVcRuJmVbpI=",
        "owner": "hyprwm",
        "repo": "hyprcursor",
        "rev": "4493a972b48f9c3014befbbf381ed5fff91a65dc",
        "type": "github"
      },
      "original": {
        "owner": "hyprwm",
        "repo": "hyprcursor",
        "type": "github"
      }
    },
    "hyprland-contrib": {
      "inputs": {
        "nixpkgs": [
          "nixpkgs"
        ]
      },
      "locked": {
        "lastModified": 1776426061,
        "narHash": "sha256-3rROoGl8xBsIOM+5m+qZS4GJnsdQPAH3NJJe1OUfJ5o=",
        "owner": "hyprwm",
        "repo": "contrib",
        "rev": "1f71628d86a7701fd5ba0f8aeabe15376f4c6afc",
        "type": "github"
      },
      "original": {
        "owner": "hyprwm",
        "repo": "contrib",
        "type": "github"
      }
    },
    "hyprlang": {
      "inputs": {
        "hyprutils": "hyprutils",
        "nixpkgs": [
          "mcmojave-hyprcursor",
          "hyprcursor",
          "nixpkgs"
        ],
        "systems": [
          "mcmojave-hyprcursor",
          "hyprcursor",
          "systems"
        ]
      },
      "locked": {
        "lastModified": 1721324361,
        "narHash": "sha256-BiJKO0IIdnSwHQBSrEJlKlFr753urkLE48wtt0UhNG4=",
        "owner": "hyprwm",
        "repo": "hyprlang",
        "rev": "adbefbf49664a6c2c8bf36b6487fd31e3eb68086",
        "type": "github"
      },
      "original": {
        "owner": "hyprwm",
        "repo": "hyprlang",
        "type": "github"
      }
    },
    "hyprutils": {
      "inputs": {
        "nixpkgs": [
          "mcmojave-hyprcursor",
          "hyprcursor",
          "hyprlang",
          "nixpkgs"
        ],
        "systems": [
          "mcmojave-hyprcursor",
          "hyprcursor",
          "hyprlang",
          "systems"
        ]
      },
      "locked": {
        "lastModified": 1721324102,
        "narHash": "sha256-WAZ0X6yJW1hFG6otkHBfyJDKRpNP5stsRqdEuHrFRpk=",
        "owner": "hyprwm",
        "repo": "hyprutils",
        "rev": "962582a090bc233c4de9d9897f46794280288989",
        "type": "github"
      },
      "original": {
        "owner": "hyprwm",
        "repo": "hyprutils",
        "type": "github"
      }
    },
    "mcmojave-hyprcursor": {
      "inputs": {
        "hyprcursor": "hyprcursor",
        "nixpkgs": "nixpkgs_2",
        "systems": "systems_2"
      },
      "locked": {
        "lastModified": 1722822648,
        "narHash": "sha256-aM3y6Fq156ilzKUPrZTwp+XWmIqcoQeklRERN0Y0Nvo=",
        "owner": "libadoxon",
        "repo": "mcmojave-hyprcursor",
        "rev": "ad4bbde8d87810f74fe72ae102ce824f26bb1b07",
        "type": "github"
      },
      "original": {
        "owner": "libadoxon",
        "repo": "mcmojave-hyprcursor",
        "type": "github"
      }
    },
    "nixos-hardware": {
      "locked": {
        "lastModified": 1777917524,
        "narHash": "sha256-k+LVe9YaO2BEPB9AaCtTtOMCeGi4dxDo6gt4Un3qoPY=",
        "owner": "NixOS",
        "repo": "nixos-hardware",
        "rev": "df7783100babf59001340a7a874ba3824e441ecb",
        "type": "github"
      },
      "original": {
        "owner": "NixOS",
        "ref": "master",
        "repo": "nixos-hardware",
        "type": "github"
      }
    },
    "nixpkgs": {
      "locked": {
        "lastModified": 1777268161,
        "narHash": "sha256-bxrdOn8SCOv8tN4JbTF/TXq7kjo9ag4M+C8yzzIRYbE=",
        "owner": "NixOS",
        "repo": "nixpkgs",
        "rev": "1c3fe55ad329cbcb28471bb30f05c9827f724c76",
        "type": "github"
      },
      "original": {
        "owner": "NixOS",
        "ref": "nixos-unstable",
        "repo": "nixpkgs",
        "type": "github"
      }
    },
    "nixpkgs-lib": {
      "locked": {
        "lastModified": 1777168982,
        "narHash": "sha256-GOkGPcboWE9BmGCRMLX3worL4EMnsnG8MyKmXNeYuhQ=",
        "owner": "nix-community",
        "repo": "nixpkgs.lib",
        "rev": "f5901329dade4a6ea039af1433fb087bd9c1fe14",
        "type": "github"
      },
      "original": {
        "owner": "nix-community",
        "repo": "nixpkgs.lib",
        "type": "github"
      }
    },
    "nixpkgs_2": {
      "locked": {
        "lastModified": 1722062969,
        "narHash": "sha256-QOS0ykELUmPbrrUGmegAUlpmUFznDQeR4q7rFhl8eQg=",
        "owner": "NixOS",
        "repo": "nixpkgs",
        "rev": "b73c2221a46c13557b1b3be9c2070cc42cf01eb3",
        "type": "github"
      },
      "original": {
        "owner": "NixOS",
        "ref": "nixos-unstable",
        "repo": "nixpkgs",
        "type": "github"
      }
    },
    "nixpkgs_3": {
      "locked": {
        "lastModified": 1777954456,
        "narHash": "sha256-hGdgeU2Nk87RAuZyYjyDjFL6LK7dAZN5RE9+hrDTkDU=",
        "owner": "NixOS",
        "repo": "nixpkgs",
        "rev": "549bd84d6279f9852cae6225e372cc67fb91a4c1",
        "type": "github"
      },
      "original": {
        "owner": "NixOS",
        "ref": "nixos-unstable",
        "repo": "nixpkgs",
        "type": "github"
      }
    },
    "nixvim": {
      "inputs": {
        "flake-parts": "flake-parts_2",
        "nixpkgs": [
          "nixpkgs"
        ],
        "systems": "systems_3"
      },
      "locked": {
        "lastModified": 1777991353,
        "narHash": "sha256-DFwjggMV+nzCZpwK6Obxj9F+P59rbLVowGqHETfctBk=",
        "owner": "nix-community",
        "repo": "nixvim",
        "rev": "7986a276960b4dfaed9bb2c3c438b5ba71ae08f1",
        "type": "github"
      },
      "original": {
        "owner": "nix-community",
        "repo": "nixvim",
        "type": "github"
      }
    },
    "root": {
      "inputs": {
        "catppuccin": "catppuccin",
        "catppuccin-vsc": "catppuccin-vsc",
        "flake-parts": "flake-parts",
        "home-manager": "home-manager",
        "hyprland-contrib": "hyprland-contrib",
        "mcmojave-hyprcursor": "mcmojave-hyprcursor",
        "nixos-hardware": "nixos-hardware",
        "nixpkgs": "nixpkgs_3",
        "nixvim": "nixvim"
      }
    },
    "systems": {
      "locked": {
        "lastModified": 1689347949,
        "narHash": "sha256-12tWmuL2zgBgZkdoB6qXZsgJEH9LR3oUgpaQq2RbI80=",
        "owner": "nix-systems",
        "repo": "default-linux",
        "rev": "31732fcf5e8fea42e59c2488ad31a0e651500f68",
        "type": "github"
      },
      "original": {
        "owner": "nix-systems",
        "repo": "default-linux",
        "type": "github"
      }
    },
    "systems_2": {
      "locked": {
        "lastModified": 1689347949,
        "narHash": "sha256-12tWmuL2zgBgZkdoB6qXZsgJEH9LR3oUgpaQq2RbI80=",
        "owner": "nix-systems",
        "repo": "default-linux",
        "rev": "31732fcf5e8fea42e59c2488ad31a0e651500f68",
        "type": "github"
      },
      "original": {
        "owner": "nix-systems",
        "repo": "default-linux",
        "type": "github"
      }
    },
    "systems_3": {
      "locked": {
        "lastModified": 1681028828,
        "narHash": "sha256-Vy1rq5AaRuLzOxct8nz4T6wlgyUR7zLU309k9mBC768=",
        "owner": "nix-systems",
        "repo": "default",
        "rev": "da67096a3b9bf56a91d16901293e51ba5b49a27e",
        "type": "github"
      },
      "original": {
        "owner": "nix-systems",
        "repo": "default",
        "type": "github"
      }
    }
  },
  "root": "root",
  "version": 7
}
